dependencies:
- name: nats
  repository: https://charts.bitnami.com/bitnami
  version: 6.0.0
- name: redis
  repository: https://charts.bitnami.com/bitnami
  version: 12.2.4
- name: etcd
  repository: https://charts.bitnami.com/bitnami
  version: 5.3.0
digest: sha256:11cb93f573923b8b287a3b65f9bcede61071552e038f58c35aa21ae810af92ec
generated: "2020-12-22T23:52:43.715696027Z"
