dependencies:
- name: nats
  repository: https://charts.bitnami.com/bitnami
  version: 6.0.0
- name: redis
  repository: https://charts.bitnami.com/bitnami
  version: 12.1.1
- name: etcd
  repository: https://charts.bitnami.com/bitnami
  version: 5.4.1
digest: sha256:cca71ff2f3c6550ab3093f51b4b9076b860b81b905bb90ea2b8a94b1bb06f56e
generated: "2020-12-26T10:23:46.479894708Z"
